
Microsoft Visual Studio Solution File, Format Version 12.00
# Visual Studio Version 16
VisualStudioVersion = 16.0.29409.12
MinimumVisualStudioVersion = 10.0.40219.1
Project("{FAE04EC0-301F-11D3-BF4B-00C04F79EFBC}") = "mystic-consulting.github.io", "mystic-consulting.github.io.csproj", "{1334232D-1501-4C57-A1C6-1DE3C52B6E59}"
EndProject
Global
	GlobalSection(SolutionConfigurationPlatforms) = preSolution
		Debug|Any CPU = Debug|Any CPU
		Release|Any CPU = Release|Any CPU
	EndGlobalSection
	GlobalSection(ProjectConfigurationPlatforms) = postSolution
		{1334232D-1501-4C57-A1C6-1DE3C52B6E59}.Debug|Any CPU.ActiveCfg = Debug|Any CPU
		{1334232D-1501-4C57-A1C6-1DE3C52B6E59}.Debug|Any CPU.Build.0 = Debug|Any CPU
		{1334232D-1501-4C57-A1C6-1DE3C52B6E59}.Release|Any CPU.ActiveCfg = Release|Any CPU
		{1334232D-1501-4C57-A1C6-1DE3C52B6E59}.Release|Any CPU.Build.0 = Release|Any CPU
	EndGlobalSection
	GlobalSection(SolutionProperties) = preSolution
		HideSolutionNode = FALSE
	EndGlobalSection
	GlobalSection(ExtensibilityGlobals) = postSolution
		SolutionGuid = {238C720D-481E-4D28-9E0B-B2EDC95C032F}
	EndGlobalSection
EndGlobal
